
Microsoft Visual Studio Solution File, Format Version 12.00
# Visual Studio Version 16
VisualStudioVersion = 16.0.32106.194
MinimumVisualStudioVersion = 10.0.40219.1
Project("{FAE04EC0-301F-11D3-BF4B-00C04F79EFBC}") = "HW2-WinForms", "HW2-WinForms.csproj", "{C2FD79D1-2CD6-40CC-8C4E-D19D26C1FFEF}"
EndProject
Project("{FAE04EC0-301F-11D3-BF4B-00C04F79EFBC}") = "HW2Tests", "..\HW2Tests\HW2Tests.csproj", "{CC3E0C0B-8A84-450B-A0FE-3729445B9857}"
EndProject
Global
	GlobalSection(SolutionConfigurationPlatforms) = preSolution
		Debug|Any CPU = Debug|Any CPU
		Release|Any CPU = Release|Any CPU
	EndGlobalSection
	GlobalSection(ProjectConfigurationPlatforms) = postSolution
		{C2FD79D1-2CD6-40CC-8C4E-D19D26C1FFEF}.Debug|Any CPU.ActiveCfg = Debug|Any CPU
		{C2FD79D1-2CD6-40CC-8C4E-D19D26C1FFEF}.Debug|Any CPU.Build.0 = Debug|Any CPU
		{C2FD79D1-2CD6-40CC-8C4E-D19D26C1FFEF}.Release|Any CPU.ActiveCfg = Release|Any CPU
		{C2FD79D1-2CD6-40CC-8C4E-D19D26C1FFEF}.Release|Any CPU.Build.0 = Release|Any CPU
		{CC3E0C0B-8A84-450B-A0FE-3729445B9857}.Debug|Any CPU.ActiveCfg = Debug|Any CPU
		{CC3E0C0B-8A84-450B-A0FE-3729445B9857}.Debug|Any CPU.Build.0 = Debug|Any CPU
		{CC3E0C0B-8A84-450B-A0FE-3729445B9857}.Release|Any CPU.ActiveCfg = Release|Any CPU
		{CC3E0C0B-8A84-450B-A0FE-3729445B9857}.Release|Any CPU.Build.0 = Release|Any CPU
	EndGlobalSection
	GlobalSection(SolutionProperties) = preSolution
		HideSolutionNode = FALSE
	EndGlobalSection
	GlobalSection(ExtensibilityGlobals) = postSolution
		SolutionGuid = {053AEDA8-F6FD-43C6-8CC5-09FADCFD1F6E}
	EndGlobalSection
EndGlobal
